uuid: 38067d7b-70b4-4099-a38b-0f3ba0840b91
langcode: en
status: true
dependencies:
  content:
    - 'block_content:read_more_block:82b17427-028a-4a12-92bb-22c910bf2552'
  module:
    - block_background_style
    - block_class
    - block_content
    - system
  theme:
    - bahrain
third_party_settings:
  block_background_style:
    inline_style: ''
  block_class:
    classes: careers-block
id: careers_block
theme: bahrain
region: content
weight: -24
provider: null
plugin: 'block_content:82b17427-028a-4a12-92bb-22c910bf2552'
settings:
  id: 'block_content:82b17427-028a-4a12-92bb-22c910bf2552'
  label: 'Looking for career opportunities?'
  label_display: '0'
  provider: block_content
  status: true
  info: ''
  view_mode: full
visibility:
  request_path:
    id: request_path
    negate: false
    pages: "/corporate\r\n/ar/corporate"
