uuid: 864e3aac-c31c-4762-8a17-46d9c4ede0f1
langcode: en
status: true
dependencies:
  content:
    - 'block_content:stats:c9914806-9113-464e-a66c-f54cbe384270'
  module:
    - block_background_style
    - block_class
    - block_content
    - system
  theme:
    - bahrain
third_party_settings:
  block_background_style:
    inline_style: ''
  block_class:
    classes: 'bac-stats, stats-block'
id: statsblock
theme: bahrain
region: content
weight: -27
provider: null
plugin: 'block_content:c9914806-9113-464e-a66c-f54cbe384270'
settings:
  id: 'block_content:c9914806-9113-464e-a66c-f54cbe384270'
  label: 'Stats Block'
  label_display: '0'
  provider: block_content
  status: true
  info: ''
  view_mode: full
visibility:
  request_path:
    id: request_path
    negate: false
    pages: "/corporate\r\n/ar/corporate"
