uuid: 0982561f-0fc4-435c-9c47-284df1dd31a4
langcode: en
status: true
dependencies:
  config:
    - block_content.type.read_more_block
  module:
    - content_translation
third_party_settings:
  content_translation:
    enabled: true
    bundle_settings:
      untranslatable_fields_hide: '0'
id: block_content.read_more_block
target_entity_type_id: block_content
target_bundle: read_more_block
default_langcode: site_default
language_alterable: true
